
Microsoft Visual Studio Solution File, Format Version 12.00
# Visual Studio Version 16
VisualStudioVersion = 16.0.30320.27
MinimumVisualStudioVersion = 10.0.40219.1
Project("{FAE04EC0-301F-11D3-BF4B-00C04F79EFBC}") = "CCleaner Updater", "CCleaner Updater\CCleaner Updater.csproj", "{AAAF62D8-1666-46F9-989D-1A40F2B22FA4}"
EndProject
Project("{FAE04EC0-301F-11D3-BF4B-00C04F79EFBC}") = "CCleanerUpdaterService", "CCleanerUpdaterService\CCleanerUpdaterService.csproj", "{E7C55D5B-D104-4E7D-A9F9-5A903DEEAAA3}"
EndProject
Global
	GlobalSection(SolutionConfigurationPlatforms) = preSolution
		Debug|Any CPU = Debug|Any CPU
		Release|Any CPU = Release|Any CPU
	EndGlobalSection
	GlobalSection(ProjectConfigurationPlatforms) = postSolution
		{AAAF62D8-1666-46F9-989D-1A40F2B22FA4}.Debug|Any CPU.ActiveCfg = Debug|Any CPU
		{AAAF62D8-1666-46F9-989D-1A40F2B22FA4}.Debug|Any CPU.Build.0 = Debug|Any CPU
		{AAAF62D8-1666-46F9-989D-1A40F2B22FA4}.Release|Any CPU.ActiveCfg = Release|Any CPU
		{AAAF62D8-1666-46F9-989D-1A40F2B22FA4}.Release|Any CPU.Build.0 = Release|Any CPU
		{E7C55D5B-D104-4E7D-A9F9-5A903DEEAAA3}.Debug|Any CPU.ActiveCfg = Debug|Any CPU
		{E7C55D5B-D104-4E7D-A9F9-5A903DEEAAA3}.Debug|Any CPU.Build.0 = Debug|Any CPU
		{E7C55D5B-D104-4E7D-A9F9-5A903DEEAAA3}.Release|Any CPU.ActiveCfg = Release|Any CPU
		{E7C55D5B-D104-4E7D-A9F9-5A903DEEAAA3}.Release|Any CPU.Build.0 = Release|Any CPU
	EndGlobalSection
	GlobalSection(SolutionProperties) = preSolution
		HideSolutionNode = FALSE
	EndGlobalSection
	GlobalSection(ExtensibilityGlobals) = postSolution
		SolutionGuid = {D384607C-4C50-4007-BBD4-A8FCCACAD59B}
	EndGlobalSection
EndGlobal
